Microsoft Visual Studio Solution File, Format Version 12.00
# Visual Studio Version 17
VisualStudioVersion = 17.5.2.0
MinimumVisualStudioVersion = 10.0.40219.1
Project("{FAE04EC0-301F-11D3-BF4B-00C04F79EFBC}") = "Mazes", "Mazes\Mazes.csproj", "{06624259-8F44-64A2-7050-C816D3C23994}"
EndProject
Global
	GlobalSection(SolutionConfigurationPlatforms) = preSolution
		Debug|Any CPU = Debug|Any CPU
		Release|Any CPU = Release|Any CPU
	EndGlobalSection
	GlobalSection(ProjectConfigurationPlatforms) = postSolution
		{06624259-8F44-64A2-7050-C816D3C23994}.Debug|Any CPU.ActiveCfg = Debug|Any CPU
		{06624259-8F44-64A2-7050-C816D3C23994}.Debug|Any CPU.Build.0 = Debug|Any CPU
		{06624259-8F44-64A2-7050-C816D3C23994}.Release|Any CPU.ActiveCfg = Release|Any CPU
		{06624259-8F44-64A2-7050-C816D3C23994}.Release|Any CPU.Build.0 = Release|Any CPU
	EndGlobalSection
	GlobalSection(SolutionProperties) = preSolution
		HideSolutionNode = FALSE
	EndGlobalSection
	GlobalSection(ExtensibilityGlobals) = postSolution
		SolutionGuid = {12CAC4C2-1472-45CB-8DD6-D696E8B3C7C0}
	EndGlobalSection
EndGlobal
